// !$*UTF8*$!
{
	archiveVersion = 1;
	classes = {
	};
	objectVersion = 51;
	objects = {

/* Begin PBXBuildFile section */
		3FB70EB45E498E81E4AC31E5 /* Pods_Reciplease.framework in Frameworks */ = {isa = PBXBuildFile; fileRef = 6AD68E67755CC129F5595BFD /* Pods_Reciplease.framework */; };
		5C24C68223CE4C40004ED8D9 /* FakeResponseData.swift in Sources */ = {isa = PBXBuildFile; fileRef = 5C24C68123CE4C40004ED8D9 /* FakeResponseData.swift */; };
		5C24C68523CE4CD8004ED8D9 /* URLSessionFake.swift in Sources */ = {isa = PBXBuildFile; fileRef = 5C24C68423CE4CD8004ED8D9 /* URLSessionFake.swift */; };
		5C24C68723CE4D68004ED8D9 /* RecipleaseServiceTestCase.swift in Sources */ = {isa = PBXBuildFile; fileRef = 5C24C68623CE4D68004ED8D9 /* RecipleaseServiceTestCase.swift */; };
		5C24C68A23CF8D29004ED8D9 /* Recipe.json in Resources */ = {isa = PBXBuildFile; fileRef = 5C24C68923CF8D29004ED8D9 /* Recipe.json */; };
		5C24C68C23CFB194004ED8D9 /* RecipesListViewController.swift in Sources */ = {isa = PBXBuildFile; fileRef = 5C24C68B23CFB194004ED8D9 /* RecipesListViewController.swift */; };
		5C24C69023D2062D004ED8D9 /* AlertManager.swift in Sources */ = {isa = PBXBuildFile; fileRef = 5C24C68F23D2062D004ED8D9 /* AlertManager.swift */; };
		5C24C69323E380BF004ED8D9 /* DetailRecipeViewController.swift in Sources */ = {isa = PBXBuildFile; fileRef = 5C24C69223E380BF004ED8D9 /* DetailRecipeViewController.swift */; };
		5C24C69723E5E109004ED8D9 /* RecipesTableViewCell.swift in Sources */ = {isa = PBXBuildFile; fileRef = 5C24C69623E5E109004ED8D9 /* RecipesTableViewCell.swift */; };
		5C4AB18C23C9EE47007CC952 /* EdanamWebService.swift in Sources */ = {isa = PBXBuildFile; fileRef = 5C4AB18B23C9EE47007CC952 /* EdanamWebService.swift */; };
		5C4AB19023CB756D007CC952 /* EdamamRecipes.swift in Sources */ = {isa = PBXBuildFile; fileRef = 5C4AB18F23CB756D007CC952 /* EdamamRecipes.swift */; };
		5C4AB19223CBB5F2007CC952 /* ApiManager.swift in Sources */ = {isa = PBXBuildFile; fileRef = 5C4AB19123CBB5F2007CC952 /* ApiManager.swift */; };
		5C71E32323C670F9004B7118 /* AppDelegate.swift in Sources */ = {isa = PBXBuildFile; fileRef = 5C71E32223C670F9004B7118 /* AppDelegate.swift */; };
		5C71E32523C670F9004B7118 /* SceneDelegate.swift in Sources */ = {isa = PBXBuildFile; fileRef = 5C71E32423C670F9004B7118 /* SceneDelegate.swift */; };
		5C71E32A23C670F9004B7118 /* Main.storyboard in Resources */ = {isa = PBXBuildFile; fileRef = 5C71E32823C670F9004B7118 /* Main.storyboard */; };
		5C71E32F23C670FB004B7118 /* Assets.xcassets in Resources */ = {isa = PBXBuildFile; fileRef = 5C71E32E23C670FB004B7118 /* Assets.xcassets */; };
		5C71E33223C670FB004B7118 /* LaunchScreen.storyboard in Resources */ = {isa = PBXBuildFile; fileRef = 5C71E33023C670FB004B7118 /* LaunchScreen.storyboard */; };
		5C71E34A23C68047004B7118 /* SearchViewController.swift in Sources */ = {isa = PBXBuildFile; fileRef = 5C71E34923C68047004B7118 /* SearchViewController.swift */; };
		5C779CF724044A070046CDB9 /* Reciplease.xcdatamodeld in Sources */ = {isa = PBXBuildFile; fileRef = 5C779CF524044A070046CDB9 /* Reciplease.xcdatamodeld */; };
		5C9865C523F5DD23001FDCFA /* RecipeEntity.swift in Sources */ = {isa = PBXBuildFile; fileRef = 5C9865C423F5DD23001FDCFA /* RecipeEntity.swift */; };
		5C9E992F24196EAF004FB33A /* RecipleaseTestCase.swift in Sources */ = {isa = PBXBuildFile; fileRef = 5C9E992E24196EAF004FB33A /* RecipleaseTestCase.swift */; };
		5CBFBFDC23EF0D820095545D /* FavoriteViewController.swift in Sources */ = {isa = PBXBuildFile; fileRef = 5CBFBFDB23EF0D820095545D /* FavoriteViewController.swift */; };
		5CBFBFE123EF2D440095545D /* FavoriteTableViewCell.swift in Sources */ = {isa = PBXBuildFile; fileRef = 5CBFBFE023EF2D440095545D /* FavoriteTableViewCell.swift */; };
		DD6715CFB09962166A644563 /* Pods_Reciplease_RecipleaseTests.framework in Frameworks */ = {isa = PBXBuildFile; fileRef = A872EE1E9CC745BD92AFEC05 /* Pods_Reciplease_RecipleaseTests.framework */; };
/* End PBXBuildFile section */

/* Begin PBXContainerItemProxy section */
		5C71E33923C670FB004B7118 /* PBXContainerItemProxy */ = {
			isa = PBXContainerItemProxy;
			containerPortal = 5C71E31723C670F9004B7118 /* Project object */;
			proxyType = 1;
			remoteGlobalIDString = 5C71E31E23C670F9004B7118;
			remoteInfo = Reciplease;
		};
/* End PBXContainerItemProxy section */

/* Begin PBXFileReference section */
		396C4301ADE097C663E62395 /* Pods-Reciplease.debug.xcconfig */ = {isa = PBXFileReference; includeInIndex = 1; lastKnownFileType = text.xcconfig; name = "Pods-Reciplease.debug.xcconfig"; path = "Target Support Files/Pods-Reciplease/Pods-Reciplease.debug.xcconfig"; sourceTree = "<group>"; };
		5C24C68123CE4C40004ED8D9 /* FakeResponseData.swift */ = {isa = PBXFileReference; lastKnownFileType = sourcecode.swift; path = FakeResponseData.swift; sourceTree = "<group>"; };
		5C24C68423CE4CD8004ED8D9 /* URLSessionFake.swift */ = {isa = PBXFileReference; lastKnownFileType = sourcecode.swift; path = URLSessionFake.swift; sourceTree = "<group>"; };
		5C24C68623CE4D68004ED8D9 /* RecipleaseServiceTestCase.swift */ = {isa = PBXFileReference; lastKnownFileType = sourcecode.swift; path = RecipleaseServiceTestCase.swift; sourceTree = "<group>"; };
		5C24C68923CF8D29004ED8D9 /* Recipe.json */ = {isa = PBXFileReference; lastKnownFileType = text.json; path = Recipe.json; sourceTree = "<group>"; };
		5C24C68B23CFB194004ED8D9 /* RecipesListViewController.swift */ = {isa = PBXFileReference; lastKnownFileType = sourcecode.swift; path = RecipesListViewController.swift; sourceTree = "<group>"; };
		5C24C68F23D2062D004ED8D9 /* AlertManager.swift */ = {isa = PBXFileReference; lastKnownFileType = sourcecode.swift; path = AlertManager.swift; sourceTree = "<group>"; };
		5C24C69223E380BF004ED8D9 /* DetailRecipeViewController.swift */ = {isa = PBXFileReference; lastKnownFileType = sourcecode.swift; path = DetailRecipeViewController.swift; sourceTree = "<group>"; };
		5C24C69623E5E109004ED8D9 /* RecipesTableViewCell.swift */ = {isa = PBXFileReference; lastKnownFileType = sourcecode.swift; path = RecipesTableViewCell.swift; sourceTree = "<group>"; };
		5C4AB18B23C9EE47007CC952 /* EdanamWebService.swift */ = {isa = PBXFileReference; lastKnownFileType = sourcecode.swift; path = EdanamWebService.swift; sourceTree = "<group>"; };
		5C4AB18F23CB756D007CC952 /* EdamamRecipes.swift */ = {isa = PBXFileReference; lastKnownFileType = sourcecode.swift; path = EdamamRecipes.swift; sourceTree = "<group>"; };
		5C4AB19123CBB5F2007CC952 /* ApiManager.swift */ = {isa = PBXFileReference; lastKnownFileType = sourcecode.swift; path = ApiManager.swift; sourceTree = "<group>"; };
		5C71E31F23C670F9004B7118 /* Reciplease.app */ = {isa = PBXFileReference; explicitFileType = wrapper.application; includeInIndex = 0; path = Reciplease.app; sourceTree = BUILT_PRODUCTS_DIR; };
		5C71E32223C670F9004B7118 /* AppDelegate.swift */ = {isa = PBXFileReference; lastKnownFileType = sourcecode.swift; path = AppDelegate.swift; sourceTree = "<group>"; };
		5C71E32423C670F9004B7118 /* SceneDelegate.swift */ = {isa = PBXFileReference; lastKnownFileType = sourcecode.swift; path = SceneDelegate.swift; sourceTree = "<group>"; };
		5C71E32923C670F9004B7118 /* Base */ = {isa = PBXFileReference; lastKnownFileType = file.storyboard; name = Base; path = Base.lproj/Main.storyboard; sourceTree = "<group>"; };
		5C71E32E23C670FB004B7118 /* Assets.xcassets */ = {isa = PBXFileReference; lastKnownFileType = folder.assetcatalog; path = Assets.xcassets; sourceTree = "<group>"; };
		5C71E33123C670FB004B7118 /* Base */ = {isa = PBXFileReference; lastKnownFileType = file.storyboard; name = Base; path = Base.lproj/LaunchScreen.storyboard; sourceTree = "<group>"; };
		5C71E33323C670FB004B7118 /* Info.plist */ = {isa = PBXFileReference; lastKnownFileType = text.plist.xml; path = Info.plist; sourceTree = "<group>"; };
		5C71E33823C670FB004B7118 /* RecipleaseTests.xctest */ = {isa = PBXFileReference; explicitFileType = wrapper.cfbundle; includeInIndex = 0; path = RecipleaseTests.xctest; sourceTree = BUILT_PRODUCTS_DIR; };
		5C71E33E23C670FB004B7118 /* Info.plist */ = {isa = PBXFileReference; lastKnownFileType = text.plist.xml; path = Info.plist; sourceTree = "<group>"; };
		5C71E34923C68047004B7118 /* SearchViewController.swift */ = {isa = PBXFileReference; lastKnownFileType = sourcecode.swift; path = SearchViewController.swift; sourceTree = "<group>"; };
		5C779CF624044A070046CDB9 /* Model.xcdatamodel */ = {isa = PBXFileReference; lastKnownFileType = wrapper.xcdatamodel; path = Model.xcdatamodel; sourceTree = "<group>"; };
		5C9865C423F5DD23001FDCFA /* RecipeEntity.swift */ = {isa = PBXFileReference; lastKnownFileType = sourcecode.swift; path = RecipeEntity.swift; sourceTree = "<group>"; };
		5C9E992E24196EAF004FB33A /* RecipleaseTestCase.swift */ = {isa = PBXFileReference; lastKnownFileType = sourcecode.swift; path = RecipleaseTestCase.swift; sourceTree = "<group>"; };
		5CBFBFDB23EF0D820095545D /* FavoriteViewController.swift */ = {isa = PBXFileReference; lastKnownFileType = sourcecode.swift; path = FavoriteViewController.swift; sourceTree = "<group>"; };
		5CBFBFE023EF2D440095545D /* FavoriteTableViewCell.swift */ = {isa = PBXFileReference; lastKnownFileType = sourcecode.swift; path = FavoriteTableViewCell.swift; sourceTree = "<group>"; };
		6AD68E67755CC129F5595BFD /* Pods_Reciplease.framework */ = {isa = PBXFileReference; explicitFileType = wrapper.framework; includeInIndex = 0; path = Pods_Reciplease.framework; sourceTree = BUILT_PRODUCTS_DIR; };
		6DFD8A7C3E8F6149B6453F52 /* Pods-Reciplease-RecipleaseTests.debug.xcconfig */ = {isa = PBXFileReference; includeInIndex = 1; lastKnownFileType = text.xcconfig; name = "Pods-Reciplease-RecipleaseTests.debug.xcconfig"; path = "Target Support Files/Pods-Reciplease-RecipleaseTests/Pods-Reciplease-RecipleaseTests.debug.xcconfig"; sourceTree = "<group>"; };
		A872EE1E9CC745BD92AFEC05 /* Pods_Reciplease_RecipleaseTests.framework */ = {isa = PBXFileReference; explicitFileType = wrapper.framework; includeInIndex = 0; path = Pods_Reciplease_RecipleaseTests.framework; sourceTree = BUILT_PRODUCTS_DIR; };
		C04004734A8E2A6579AD40BA /* Pods-Reciplease.release.xcconfig */ = {isa = PBXFileReference; includeInIndex = 1; lastKnownFileType = text.xcconfig; name = "Pods-Reciplease.release.xcconfig"; path = "Target Support Files/Pods-Reciplease/Pods-Reciplease.release.xcconfig"; sourceTree = "<group>"; };
		E0C6ED6BB08E954776EFCAB2 /* Pods-Reciplease-RecipleaseTests.release.xcconfig */ = {isa = PBXFileReference; includeInIndex = 1; lastKnownFileType = text.xcconfig; name = "Pods-Reciplease-RecipleaseTests.release.xcconfig"; path = "Target Support Files/Pods-Reciplease-RecipleaseTests/Pods-Reciplease-RecipleaseTests.release.xcconfig"; sourceTree = "<group>"; };
/* End PBXFileReference section */

/* Begin PBXFrameworksBuildPhase section */
		5C71E31C23C670F9004B7118 /* Frameworks */ = {
			isa = PBXFrameworksBuildPhase;
			buildActionMask = 2147483647;
			files = (
				3FB70EB45E498E81E4AC31E5 /* Pods_Reciplease.framework in Frameworks */,
			);
			runOnlyForDeploymentPostprocessing = 0;
		};
		5C71E33523C670FB004B7118 /* Frameworks */ = {
			isa = PBXFrameworksBuildPhase;
			buildActionMask = 2147483647;
			files = (
				DD6715CFB09962166A644563 /* Pods_Reciplease_RecipleaseTests.framework in Frameworks */,
			);
			runOnlyForDeploymentPostprocessing = 0;
		};
/* End PBXFrameworksBuildPhase section */

/* Begin PBXGroup section */
		186C763BAEAA9B23E7CC0E83 /* Pods */ = {
			isa = PBXGroup;
			children = (
				396C4301ADE097C663E62395 /* Pods-Reciplease.debug.xcconfig */,
				C04004734A8E2A6579AD40BA /* Pods-Reciplease.release.xcconfig */,
				6DFD8A7C3E8F6149B6453F52 /* Pods-Reciplease-RecipleaseTests.debug.xcconfig */,
				E0C6ED6BB08E954776EFCAB2 /* Pods-Reciplease-RecipleaseTests.release.xcconfig */,
			);
			path = Pods;
			sourceTree = "<group>";
		};
		5C24C68323CE4CA0004ED8D9 /* DataTest */ = {
			isa = PBXGroup;
			children = (
				5C24C68123CE4C40004ED8D9 /* FakeResponseData.swift */,
				5C24C68423CE4CD8004ED8D9 /* URLSessionFake.swift */,
				5C24C68923CF8D29004ED8D9 /* Recipe.json */,
			);
			path = DataTest;
			sourceTree = "<group>";
		};
		5C71E31623C670F9004B7118 = {
			isa = PBXGroup;
			children = (
				5C71E32123C670F9004B7118 /* Reciplease */,
				5C71E33B23C670FB004B7118 /* RecipleaseTests */,
				5C71E32023C670F9004B7118 /* Products */,
				186C763BAEAA9B23E7CC0E83 /* Pods */,
				B0DEAF34C0B3F3F03A5F19C3 /* Frameworks */,
			);
			sourceTree = "<group>";
		};
		5C71E32023C670F9004B7118 /* Products */ = {
			isa = PBXGroup;
			children = (
				5C71E31F23C670F9004B7118 /* Reciplease.app */,
				5C71E33823C670FB004B7118 /* RecipleaseTests.xctest */,
			);
			name = Products;
			sourceTree = "<group>";
		};
		5C71E32123C670F9004B7118 /* Reciplease */ = {
			isa = PBXGroup;
			children = (
				5CBFBFDF23EF0F010095545D /* Support */,
				5CBFBFD723EF0CD50095545D /* View */,
				5CBFBFD823EF0D080095545D /* FavoriteRecipesFonctionality */,
				5C71E34C23C808EB004B7118 /* SearchRecipesFonctionality */,
				5C71E33323C670FB004B7118 /* Info.plist */,
				5C779CF524044A070046CDB9 /* Reciplease.xcdatamodeld */,
			);
			path = Reciplease;
			sourceTree = "<group>";
		};
		5C71E33B23C670FB004B7118 /* RecipleaseTests */ = {
			isa = PBXGroup;
			children = (
				5C24C68623CE4D68004ED8D9 /* RecipleaseServiceTestCase.swift */,
				5C9E992E24196EAF004FB33A /* RecipleaseTestCase.swift */,
				5C71E33E23C670FB004B7118 /* Info.plist */,
				5C24C68323CE4CA0004ED8D9 /* DataTest */,
			);
			path = RecipleaseTests;
			sourceTree = "<group>";
		};
		5C71E34C23C808EB004B7118 /* SearchRecipesFonctionality */ = {
			isa = PBXGroup;
			children = (
				5CBFBFD623EF0C1B0095545D /* View */,
				5CBFBFD423EF0BBE0095545D /* Controller */,
				5CBFBFD523EF0BFE0095545D /* Model */,
			);
			path = SearchRecipesFonctionality;
			sourceTree = "<group>";
		};
		5C9865C323F5DCF1001FDCFA /* Model */ = {
			isa = PBXGroup;
			children = (
				5C9865C423F5DD23001FDCFA /* RecipeEntity.swift */,
			);
			path = Model;
			sourceTree = "<group>";
		};
		5CBFBFD423EF0BBE0095545D /* Controller */ = {
			isa = PBXGroup;
			children = (
				5C24C68F23D2062D004ED8D9 /* AlertManager.swift */,
				5C24C68B23CFB194004ED8D9 /* RecipesListViewController.swift */,
				5C24C69223E380BF004ED8D9 /* DetailRecipeViewController.swift */,
				5C71E34923C68047004B7118 /* SearchViewController.swift */,
			);
			path = Controller;
			sourceTree = "<group>";
		};
		5CBFBFD523EF0BFE0095545D /* Model */ = {
			isa = PBXGroup;
			children = (
				5C4AB18F23CB756D007CC952 /* EdamamRecipes.swift */,
				5C4AB18B23C9EE47007CC952 /* EdanamWebService.swift */,
				5C4AB19123CBB5F2007CC952 /* ApiManager.swift */,
			);
			path = Model;
			sourceTree = "<group>";
		};
		5CBFBFD623EF0C1B0095545D /* View */ = {
			isa = PBXGroup;
			children = (
				5C24C69623E5E109004ED8D9 /* RecipesTableViewCell.swift */,
			);
			path = View;
			sourceTree = "<group>";
		};
		5CBFBFD723EF0CD50095545D /* View */ = {
			isa = PBXGroup;
			children = (
				5C71E32823C670F9004B7118 /* Main.storyboard */,
				5C71E33023C670FB004B7118 /* LaunchScreen.storyboard */,
			);
			path = View;
			sourceTree = "<group>";
		};
		5CBFBFD823EF0D080095545D /* FavoriteRecipesFonctionality */ = {
			isa = PBXGroup;
			children = (
				5C9865C323F5DCF1001FDCFA /* Model */,
				5CBFBFDE23EF0DD00095545D /* View */,
				5CBFBFD923EF0D2A0095545D /* Controller */,
			);
			path = FavoriteRecipesFonctionality;
			sourceTree = "<group>";
		};
		5CBFBFD923EF0D2A0095545D /* Controller */ = {
			isa = PBXGroup;
			children = (
				5CBFBFDB23EF0D820095545D /* FavoriteViewController.swift */,
			);
			path = Controller;
			sourceTree = "<group>";
		};
		5CBFBFDE23EF0DD00095545D /* View */ = {
			isa = PBXGroup;
			children = (
				5CBFBFE023EF2D440095545D /* FavoriteTableViewCell.swift */,
			);
			path = View;
			sourceTree = "<group>";
		};
		5CBFBFDF23EF0F010095545D /* Support */ = {
			isa = PBXGroup;
			children = (
				5C71E32223C670F9004B7118 /* AppDelegate.swift */,
				5C71E32423C670F9004B7118 /* SceneDelegate.swift */,
				5C71E32E23C670FB004B7118 /* Assets.xcassets */,
			);
			path = Support;
			sourceTree = "<group>";
		};
		B0DEAF34C0B3F3F03A5F19C3 /* Frameworks */ = {
			isa = PBXGroup;
			children = (
				6AD68E67755CC129F5595BFD /* Pods_Reciplease.framework */,
				A872EE1E9CC745BD92AFEC05 /* Pods_Reciplease_RecipleaseTests.framework */,
			);
			name = Frameworks;
			sourceTree = "<group>";
		};
/* End PBXGroup section */

/* Begin PBXNativeTarget section */
		5C71E31E23C670F9004B7118 /* Reciplease */ = {
			isa = PBXNativeTarget;
			buildConfigurationList = 5C71E34123C670FB004B7118 /* Build configuration list for PBXNativeTarget "Reciplease" */;
			buildPhases = (
				F367C57E9012D0B133FB8C02 /* [CP] Check Pods Manifest.lock */,
				5C71E31B23C670F9004B7118 /* Sources */,
				5C71E31C23C670F9004B7118 /* Frameworks */,
				5C71E31D23C670F9004B7118 /* Resources */,
				28FFE0802D359626CF74D9F0 /* [CP] Embed Pods Frameworks */,
			);
			buildRules = (
			);
			dependencies = (
			);
			name = Reciplease;
			productName = Reciplease;
			productReference = 5C71E31F23C670F9004B7118 /* Reciplease.app */;
			productType = "com.apple.product-type.application";
		};
		5C71E33723C670FB004B7118 /* RecipleaseTests */ = {
			isa = PBXNativeTarget;
			buildConfigurationList = 5C71E34423C670FB004B7118 /* Build configuration list for PBXNativeTarget "RecipleaseTests" */;
			buildPhases = (
				FE6E6BC94714E1B279647D83 /* [CP] Check Pods Manifest.lock */,
				5C71E33423C670FB004B7118 /* Sources */,
				5C71E33523C670FB004B7118 /* Frameworks */,
				5C71E33623C670FB004B7118 /* Resources */,
				293E2C0B0244511626394C61 /* [CP] Embed Pods Frameworks */,
			);
			buildRules = (
			);
			dependencies = (
				5C71E33A23C670FB004B7118 /* PBXTargetDependency */,
			);
			name = RecipleaseTests;
			productName = RecipleaseTests;
			productReference = 5C71E33823C670FB004B7118 /* RecipleaseTests.xctest */;
			productType = "com.apple.product-type.bundle.unit-test";
		};
/* End PBXNativeTarget section */

/* Begin PBXProject section */
		5C71E31723C670F9004B7118 /* Project object */ = {
			isa = PBXProject;
			attributes = {
				LastSwiftUpdateCheck = 1130;
				LastUpgradeCheck = 1130;
				ORGANIZATIONNAME = Flo;
				TargetAttributes = {
					5C71E31E23C670F9004B7118 = {
						CreatedOnToolsVersion = 11.3;
					};
					5C71E33723C670FB004B7118 = {
						CreatedOnToolsVersion = 11.3;
						TestTargetID = 5C71E31E23C670F9004B7118;
					};
				};
			};
			buildConfigurationList = 5C71E31A23C670F9004B7118 /* Build configuration list for PBXProject "Reciplease" */;
			compatibilityVersion = "Xcode 9.3";
			developmentRegion = en;
			hasScannedForEncodings = 0;
			knownRegions = (
				en,
				Base,
			);
			mainGroup = 5C71E31623C670F9004B7118;
			productRefGroup = 5C71E32023C670F9004B7118 /* Products */;
			projectDirPath = "";
			projectRoot = "";
			targets = (
				5C71E31E23C670F9004B7118 /* Reciplease */,
				5C71E33723C670FB004B7118 /* RecipleaseTests */,
			);
		};
/* End PBXProject section */

/* Begin PBXResourcesBuildPhase section */
		5C71E31D23C670F9004B7118 /* Resources */ = {
			isa = PBXResourcesBuildPhase;
			buildActionMask = 2147483647;
			files = (
				5C71E33223C670FB004B7118 /* LaunchScreen.storyboard in Resources */,
				5C71E32F23C670FB004B7118 /* Assets.xcassets in Resources */,
				5C71E32A23C670F9004B7118 /* Main.storyboard in Resources */,
			);
			runOnlyForDeploymentPostprocessing = 0;
		};
		5C71E33623C670FB004B7118 /* Resources */ = {
			isa = PBXResourcesBuildPhase;
			buildActionMask = 2147483647;
			files = (
				5C24C68A23CF8D29004ED8D9 /* Recipe.json in Resources */,
			);
			runOnlyForDeploymentPostprocessing = 0;
		};
/* End PBXResourcesBuildPhase section */

/* Begin PBXShellScriptBuildPhase section */
		28FFE0802D359626CF74D9F0 /* [CP] Embed Pods Frameworks */ = {
			isa = PBXShellScriptBuildPhase;
			buildActionMask = 2147483647;
			files = (
			);
			inputFileListPaths = (
				"${PODS_ROOT}/Target Support Files/Pods-Reciplease/Pods-Reciplease-frameworks-${CONFIGURATION}-input-files.xcfilelist",
			);
			name = "[CP] Embed Pods Frameworks";
			outputFileListPaths = (
				"${PODS_ROOT}/Target Support Files/Pods-Reciplease/Pods-Reciplease-frameworks-${CONFIGURATION}-output-files.xcfilelist",
			);
			runOnlyForDeploymentPostprocessing = 0;
			shellPath = /bin/sh;
			shellScript = "\"${PODS_ROOT}/Target Support Files/Pods-Reciplease/Pods-Reciplease-frameworks.sh\"\n";
			showEnvVarsInLog = 0;
		};
		293E2C0B0244511626394C61 /* [CP] Embed Pods Frameworks */ = {
			isa = PBXShellScriptBuildPhase;
			buildActionMask = 2147483647;
			files = (
			);
			inputFileListPaths = (
				"${PODS_ROOT}/Target Support Files/Pods-Reciplease-RecipleaseTests/Pods-Reciplease-RecipleaseTests-frameworks-${CONFIGURATION}-input-files.xcfilelist",
			);
			name = "[CP] Embed Pods Frameworks";
			outputFileListPaths = (
				"${PODS_ROOT}/Target Support Files/Pods-Reciplease-RecipleaseTests/Pods-Reciplease-RecipleaseTests-frameworks-${CONFIGURATION}-output-files.xcfilelist",
			);
			runOnlyForDeploymentPostprocessing = 0;
			shellPath = /bin/sh;
			shellScript = "\"${PODS_ROOT}/Target Support Files/Pods-Reciplease-RecipleaseTests/Pods-Reciplease-RecipleaseTests-frameworks.sh\"\n";
			showEnvVarsInLog = 0;
		};
		F367C57E9012D0B133FB8C02 /* [CP] Check Pods Manifest.lock */ = {
			isa = PBXShellScriptBuildPhase;
			buildActionMask = 2147483647;
			files = (
			);
			inputFileListPaths = (
			);
			inputPaths = (
				"${PODS_PODFILE_DIR_PATH}/Podfile.lock",
				"${PODS_ROOT}/Manifest.lock",
			);
			name = "[CP] Check Pods Manifest.lock";
			outputFileListPaths = (
			);
			outputPaths = (
				"$(DERIVED_FILE_DIR)/Pods-Reciplease-checkManifestLockResult.txt",
			);
			runOnlyForDeploymentPostprocessing = 0;
			shellPath = /bin/sh;
			shellScript = "diff \"${PODS_PODFILE_DIR_PATH}/Podfile.lock\" \"${PODS_ROOT}/Manifest.lock\" > /dev/null\nif [ $? != 0 ] ; then\n    # print error to STDERR\n    echo \"error: The sandbox is not in sync with the Podfile.lock. Run 'pod install' or update your CocoaPods installation.\" >&2\n    exit 1\nfi\n# This output is used by Xcode 'outputs' to avoid re-running this script phase.\necho \"SUCCESS\" > \"${SCRIPT_OUTPUT_FILE_0}\"\n";
			showEnvVarsInLog = 0;
		};
		FE6E6BC94714E1B279647D83 /* [CP] Check Pods Manifest.lock */ = {
			isa = PBXShellScriptBuildPhase;
			buildActionMask = 2147483647;
			files = (
			);
			inputFileListPaths = (
			);
			inputPaths = (
				"${PODS_PODFILE_DIR_PATH}/Podfile.lock",
				"${PODS_ROOT}/Manifest.lock",
			);
			name = "[CP] Check Pods Manifest.lock";
			outputFileListPaths = (
			);
			outputPaths = (
				"$(DERIVED_FILE_DIR)/Pods-Reciplease-RecipleaseTests-checkManifestLockResult.txt",
			);
			runOnlyForDeploymentPostprocessing = 0;
			shellPath = /bin/sh;
			shellScript = "diff \"${PODS_PODFILE_DIR_PATH}/Podfile.lock\" \"${PODS_ROOT}/Manifest.lock\" > /dev/null\nif [ $? != 0 ] ; then\n    # print error to STDERR\n    echo \"error: The sandbox is not in sync with the Podfile.lock. Run 'pod install' or update your CocoaPods installation.\" >&2\n    exit 1\nfi\n# This output is used by Xcode 'outputs' to avoid re-running this script phase.\necho \"SUCCESS\" > \"${SCRIPT_OUTPUT_FILE_0}\"\n";
			showEnvVarsInLog = 0;
		};
/* End PBXShellScriptBuildPhase section */

/* Begin PBXSourcesBuildPhase section */
		5C71E31B23C670F9004B7118 /* Sources */ = {
			isa = PBXSourcesBuildPhase;
			buildActionMask = 2147483647;
			files = (
				5C24C69323E380BF004ED8D9 /* DetailRecipeViewController.swift in Sources */,
				5C4AB18C23C9EE47007CC952 /* EdanamWebService.swift in Sources */,
				5C71E32323C670F9004B7118 /* AppDelegate.swift in Sources */,
				5C779CF724044A070046CDB9 /* Reciplease.xcdatamodeld in Sources */,
				5C71E34A23C68047004B7118 /* SearchViewController.swift in Sources */,
				5C24C68C23CFB194004ED8D9 /* RecipesListViewController.swift in Sources */,
				5C4AB19223CBB5F2007CC952 /* ApiManager.swift in Sources */,
				5CBFBFE123EF2D440095545D /* FavoriteTableViewCell.swift in Sources */,
				5C71E32523C670F9004B7118 /* SceneDelegate.swift in Sources */,
				5C4AB19023CB756D007CC952 /* EdamamRecipes.swift in Sources */,
				5C24C69023D2062D004ED8D9 /* AlertManager.swift in Sources */,
				5CBFBFDC23EF0D820095545D /* FavoriteViewController.swift in Sources */,
				5C9865C523F5DD23001FDCFA /* RecipeEntity.swift in Sources */,
				5C24C69723E5E109004ED8D9 /* RecipesTableViewCell.swift in Sources */,
			);
			runOnlyForDeploymentPostprocessing = 0;
		};
		5C71E33423C670FB004B7118 /* Sources */ = {
			isa = PBXSourcesBuildPhase;
			buildActionMask = 2147483647;
			files = (
				5C9E992F24196EAF004FB33A /* RecipleaseTestCase.swift in Sources */,
				5C24C68523CE4CD8004ED8D9 /* URLSessionFake.swift in Sources */,
				5C24C68223CE4C40004ED8D9 /* FakeResponseData.swift in Sources */,
				5C24C68723CE4D68004ED8D9 /* RecipleaseServiceTestCase.swift in Sources */,
			);
			runOnlyForDeploymentPostprocessing = 0;
		};
/* End PBXSourcesBuildPhase section */

/* Begin PBXTargetDependency section */
		5C71E33A23C670FB004B7118 /* PBXTargetDependency */ = {
			isa = PBXTargetDependency;
			target = 5C71E31E23C670F9004B7118 /* Reciplease */;
			targetProxy = 5C71E33923C670FB004B7118 /* PBXContainerItemProxy */;
		};
/* End PBXTargetDependency section */

/* Begin PBXVariantGroup section */
		5C71E32823C670F9004B7118 /* Main.storyboard */ = {
			isa = PBXVariantGroup;
			children = (
				5C71E32923C670F9004B7118 /* Base */,
			);
			name = Main.storyboard;
			sourceTree = "<group>";
		};
		5C71E33023C670FB004B7118 /* LaunchScreen.storyboard */ = {
			isa = PBXVariantGroup;
			children = (
				5C71E33123C670FB004B7118 /* Base */,
			);
			name = LaunchScreen.storyboard;
			sourceTree = "<group>";
		};
/* End PBXVariantGroup section */

/* Begin XCBuildConfiguration section */
		5C71E33F23C670FB004B7118 /* Debug */ = {
			isa = XCBuildConfiguration;
			buildSettings = {
				ALWAYS_SEARCH_USER_PATHS = NO;
				CLANG_ANALYZER_NONNULL = YES;
				CLANG_ANALYZER_NUMBER_OBJECT_CONVERSION = YES_AGGRESSIVE;
				CLANG_CXX_LANGUAGE_STANDARD = "gnu++14";
				CLANG_CXX_LIBRARY = "libc++";
				CLANG_ENABLE_MODULES = YES;
				CLANG_ENABLE_OBJC_ARC = YES;
				CLANG_ENABLE_OBJC_WEAK = YES;
				CLANG_WARN_BLOCK_CAPTURE_AUTORELEASING = YES;
				CLANG_WARN_BOOL_CONVERSION = YES;
				CLANG_WARN_COMMA = YES;
				CLANG_WARN_CONSTANT_CONVERSION = YES;
				CLANG_WARN_DEPRECATED_OBJC_IMPLEMENTATIONS = YES;
				CLANG_WARN_DIRECT_OBJC_ISA_USAGE = YES_ERROR;
				CLANG_WARN_DOCUMENTATION_COMMENTS = YES;
				CLANG_WARN_EMPTY_BODY = YES;
				CLANG_WARN_ENUM_CONVERSION = YES;
				CLANG_WARN_INFINITE_RECURSION = YES;
				CLANG_WARN_INT_CONVERSION = YES;
				CLANG_WARN_NON_LITERAL_NULL_CONVERSION = YES;
				CLANG_WARN_OBJC_IMPLICIT_RETAIN_SELF = YES;
				CLANG_WARN_OBJC_LITERAL_CONVERSION = YES;
				CLANG_WARN_OBJC_ROOT_CLASS = YES_ERROR;
				CLANG_WARN_RANGE_LOOP_ANALYSIS = YES;
				CLANG_WARN_STRICT_PROTOTYPES = YES;
				CLANG_WARN_SUSPICIOUS_MOVE = YES;
				CLANG_WARN_UNGUARDED_AVAILABILITY = YES_AGGRESSIVE;
				CLANG_WARN_UNREACHABLE_CODE = YES;
				CLANG_WARN__DUPLICATE_METHOD_MATCH = YES;
				COPY_PHASE_STRIP = NO;
				DEBUG_INFORMATION_FORMAT = dwarf;
				ENABLE_STRICT_OBJC_MSGSEND = YES;
				ENABLE_TESTABILITY = YES;
				GCC_C_LANGUAGE_STANDARD = gnu11;
				GCC_DYNAMIC_NO_PIC = NO;
				GCC_NO_COMMON_BLOCKS = YES;
				GCC_OPTIMIZATION_LEVEL = 0;
				GCC_PREPROCESSOR_DEFINITIONS = (
					"DEBUG=1",
					"$(inherited)",
				);
				GCC_WARN_64_TO_32_BIT_CONVERSION = YES;
				GCC_WARN_ABOUT_RETURN_TYPE = YES_ERROR;
				GCC_WARN_UNDECLARED_SELECTOR = YES;
				GCC_WARN_UNINITIALIZED_AUTOS = YES_AGGRESSIVE;
				GCC_WARN_UNUSED_FUNCTION = YES;
				GCC_WARN_UNUSED_VARIABLE = YES;
				IPHONEOS_DEPLOYMENT_TARGET = 13.2;
				MTL_ENABLE_DEBUG_INFO = INCLUDE_SOURCE;
				MTL_FAST_MATH = YES;
				ONLY_ACTIVE_ARCH = YES;
				SDKROOT = iphoneos;
				SWIFT_ACTIVE_COMPILATION_CONDITIONS = DEBUG;
				SWIFT_OPTIMIZATION_LEVEL = "-Onone";
			};
			name = Debug;
		};
		5C71E34023C670FB004B7118 /* Release */ = {
			isa = XCBuildConfiguration;
			buildSettings = {
				ALWAYS_SEARCH_USER_PATHS = NO;
				CLANG_ANALYZER_NONNULL = YES;
				CLANG_ANALYZER_NUMBER_OBJECT_CONVERSION = YES_AGGRESSIVE;
				CLANG_CXX_LANGUAGE_STANDARD = "gnu++14";
				CLANG_CXX_LIBRARY = "libc++";
				CLANG_ENABLE_MODULES = YES;
				CLANG_ENABLE_OBJC_ARC = YES;
				CLANG_ENABLE_OBJC_WEAK = YES;
				CLANG_WARN_BLOCK_CAPTURE_AUTORELEASING = YES;
				CLANG_WARN_BOOL_CONVERSION = YES;
				CLANG_WARN_COMMA = YES;
				CLANG_WARN_CONSTANT_CONVERSION = YES;
				CLANG_WARN_DEPRECATED_OBJC_IMPLEMENTATIONS = YES;
				CLANG_WARN_DIRECT_OBJC_ISA_USAGE = YES_ERROR;
				CLANG_WARN_DOCUMENTATION_COMMENTS = YES;
				CLANG_WARN_EMPTY_BODY = YES;
				CLANG_WARN_ENUM_CONVERSION = YES;
				CLANG_WARN_INFINITE_RECURSION = YES;
				CLANG_WARN_INT_CONVERSION = YES;
				CLANG_WARN_NON_LITERAL_NULL_CONVERSION = YES;
				CLANG_WARN_OBJC_IMPLICIT_RETAIN_SELF = YES;
				CLANG_WARN_OBJC_LITERAL_CONVERSION = YES;
				CLANG_WARN_OBJC_ROOT_CLASS = YES_ERROR;
				CLANG_WARN_RANGE_LOOP_ANALYSIS = YES;
				CLANG_WARN_STRICT_PROTOTYPES = YES;
				CLANG_WARN_SUSPICIOUS_MOVE = YES;
				CLANG_WARN_UNGUARDED_AVAILABILITY = YES_AGGRESSIVE;
				CLANG_WARN_UNREACHABLE_CODE = YES;
				CLANG_WARN__DUPLICATE_METHOD_MATCH = YES;
				COPY_PHASE_STRIP = NO;
				DEBUG_INFORMATION_FORMAT = "dwarf-with-dsym";
				ENABLE_NS_ASSERTIONS = NO;
				ENABLE_STRICT_OBJC_MSGSEND = YES;
				GCC_C_LANGUAGE_STANDARD = gnu11;
				GCC_NO_COMMON_BLOCKS = YES;
				GCC_WARN_64_TO_32_BIT_CONVERSION = YES;
				GCC_WARN_ABOUT_RETURN_TYPE = YES_ERROR;
				GCC_WARN_UNDECLARED_SELECTOR = YES;
				GCC_WARN_UNINITIALIZED_AUTOS = YES_AGGRESSIVE;
				GCC_WARN_UNUSED_FUNCTION = YES;
				GCC_WARN_UNUSED_VARIABLE = YES;
				IPHONEOS_DEPLOYMENT_TARGET = 13.2;
				MTL_ENABLE_DEBUG_INFO = NO;
				MTL_FAST_MATH = YES;
				SDKROOT = iphoneos;
				SWIFT_COMPILATION_MODE = wholemodule;
				SWIFT_OPTIMIZATION_LEVEL = "-O";
				VALIDATE_PRODUCT = YES;
			};
			name = Release;
		};
		5C71E34223C670FB004B7118 /* Debug */ = {
			isa = XCBuildConfiguration;
			baseConfigurationReference = 396C4301ADE097C663E62395 /* Pods-Reciplease.debug.xcconfig */;
			buildSettings = {
				ASSETCATALOG_COMPILER_APPICON_NAME = AppIcon;
				CODE_SIGN_STYLE = Automatic;
				DEVELOPMENT_TEAM = U52V863HN3;
				INFOPLIST_FILE = Reciplease/Info.plist;
				IPHONEOS_DEPLOYMENT_TARGET = 11.0;
				LD_RUNPATH_SEARCH_PATHS = (
					"$(inherited)",
					"@executable_path/Frameworks",
				);
				PRODUCT_BUNDLE_IDENTIFIER = com.flo.Reciplease;
				PRODUCT_NAME = "$(TARGET_NAME)";
				SWIFT_VERSION = 5.0;
				TARGETED_DEVICE_FAMILY = 1;
			};
			name = Debug;
		};
		5C71E34323C670FB004B7118 /* Release */ = {
			isa = XCBuildConfiguration;
			baseConfigurationReference = C04004734A8E2A6579AD40BA /* Pods-Reciplease.release.xcconfig */;
			buildSettings = {
				ASSETCATALOG_COMPILER_APPICON_NAME = AppIcon;
				CODE_SIGN_STYLE = Automatic;
				DEVELOPMENT_TEAM = U52V863HN3;
				INFOPLIST_FILE = Reciplease/Info.plist;
				IPHONEOS_DEPLOYMENT_TARGET = 11.0;
				LD_RUNPATH_SEARCH_PATHS = (
					"$(inherited)",
					"@executable_path/Frameworks",
				);
				PRODUCT_BUNDLE_IDENTIFIER = com.flo.Reciplease;
				PRODUCT_NAME = "$(TARGET_NAME)";
				SWIFT_VERSION = 5.0;
				TARGETED_DEVICE_FAMILY = 1;
			};
			name = Release;
		};
		5C71E34523C670FB004B7118 /* Debug */ = {
			isa = XCBuildConfiguration;
			baseConfigurationReference = 6DFD8A7C3E8F6149B6453F52 /* Pods-Reciplease-RecipleaseTests.debug.xcconfig */;
			buildSettings = {
				ALWAYS_EMBED_SWIFT_STANDARD_LIBRARIES = "$(inherited)";
				BUNDLE_LOADER = "$(TEST_HOST)";
				CODE_SIGN_STYLE = Automatic;
				DEVELOPMENT_TEAM = U52V863HN3;
				INFOPLIST_FILE = RecipleaseTests/Info.plist;
				IPHONEOS_DEPLOYMENT_TARGET = 13.2;
				LD_RUNPATH_SEARCH_PATHS = (
					"$(inherited)",
					"@executable_path/Frameworks",
					"@loader_path/Frameworks",
				);
				PRODUCT_BUNDLE_IDENTIFIER = com.flo.RecipleaseTests;
				PRODUCT_NAME = "$(TARGET_NAME)";
				SWIFT_VERSION = 5.0;
				TARGETED_DEVICE_FAMILY = "1,2";
				TEST_HOST = "$(BUILT_PRODUCTS_DIR)/Reciplease.app/Reciplease";
			};
			name = Debug;
		};
		5C71E34623C670FB004B7118 /* Release */ = {
			isa = XCBuildConfiguration;
			baseConfigurationReference = E0C6ED6BB08E954776EFCAB2 /* Pods-Reciplease-RecipleaseTests.release.xcconfig */;
			buildSettings = {
				ALWAYS_EMBED_SWIFT_STANDARD_LIBRARIES = "$(inherited)";
				BUNDLE_LOADER = "$(TEST_HOST)";
				CODE_SIGN_STYLE = Automatic;
				DEVELOPMENT_TEAM = U52V863HN3;
				INFOPLIST_FILE = RecipleaseTests/Info.plist;
				IPHONEOS_DEPLOYMENT_TARGET = 13.2;
				LD_RUNPATH_SEARCH_PATHS = (
					"$(inherited)",
					"@executable_path/Frameworks",
					"@loader_path/Frameworks",
				);
				PRODUCT_BUNDLE_IDENTIFIER = com.flo.RecipleaseTests;
				PRODUCT_NAME = "$(TARGET_NAME)";
				SWIFT_VERSION = 5.0;
				TARGETED_DEVICE_FAMILY = "1,2";
				TEST_HOST = "$(BUILT_PRODUCTS_DIR)/Reciplease.app/Reciplease";
			};
			name = Release;
		};
/* End XCBuildConfiguration section */

/* Begin XCConfigurationList section */
		5C71E31A23C670F9004B7118 /* Build configuration list for PBXProject "Reciplease" */ = {
			isa = XCConfigurationList;
			buildConfigurations = (
				5C71E33F23C670FB004B7118 /* Debug */,
				5C71E34023C670FB004B7118 /* Release */,
			);
			defaultConfigurationIsVisible = 0;
			defaultConfigurationName = Release;
		};
		5C71E34123C670FB004B7118 /* Build configuration list for PBXNativeTarget "Reciplease" */ = {
			isa = XCConfigurationList;
			buildConfigurations = (
				5C71E34223C670FB004B7118 /* Debug */,
				5C71E34323C670FB004B7118 /* Release */,
			);
			defaultConfigurationIsVisible = 0;
			defaultConfigurationName = Release;
		};
		5C71E34423C670FB004B7118 /* Build configuration list for PBXNativeTarget "RecipleaseTests" */ = {
			isa = XCConfigurationList;
			buildConfigurations = (
				5C71E34523C670FB004B7118 /* Debug */,
				5C71E34623C670FB004B7118 /* Release */,
			);
			defaultConfigurationIsVisible = 0;
			defaultConfigurationName = Release;
		};
/* End XCConfigurationList section */

/* Begin XCVersionGroup section */
		5C779CF524044A070046CDB9 /* Reciplease.xcdatamodeld */ = {
			isa = XCVersionGroup;
			children = (
				5C779CF624044A070046CDB9 /* Model.xcdatamodel */,
			);
			currentVersion = 5C779CF624044A070046CDB9 /* Model.xcdatamodel */;
			path = Reciplease.xcdatamodeld;
			sourceTree = "<group>";
			versionGroupType = wrapper.xcdatamodel;
		};
/* End XCVersionGroup section */
	};
	rootObject = 5C71E31723C670F9004B7118 /* Project object */;
}
